
Microsoft Visual Studio Solution File, Format Version 12.00
# Visual Studio Version 16
VisualStudioVersion = 16.0.30907.101
MinimumVisualStudioVersion = 10.0.40219.1
Project("{FAE04EC0-301F-11D3-BF4B-00C04F79EFBC}") = "HotelListing", "HotelListing\HotelListing.csproj", "{D666AD7D-472F-470E-A45E-B9273AA81666}"
EndProject
Global
	GlobalSection(SolutionConfigurationPlatforms) = preSolution
		Debug|Any CPU = Debug|Any CPU
		Release|Any CPU = Release|Any CPU
	EndGlobalSection
	GlobalSection(ProjectConfigurationPlatforms) = postSolution
		{D666AD7D-472F-470E-A45E-B9273AA81666}.Debug|Any CPU.ActiveCfg = Debug|Any CPU
		{D666AD7D-472F-470E-A45E-B9273AA81666}.Debug|Any CPU.Build.0 = Debug|Any CPU
		{D666AD7D-472F-470E-A45E-B9273AA81666}.Release|Any CPU.ActiveCfg = Release|Any CPU
		{D666AD7D-472F-470E-A45E-B9273AA81666}.Release|Any CPU.Build.0 = Release|Any CPU
	EndGlobalSection
	GlobalSection(SolutionProperties) = preSolution
		HideSolutionNode = FALSE
	EndGlobalSection
	GlobalSection(ExtensibilityGlobals) = postSolution
		SolutionGuid = {4697BC57-FA62-47C6-8630-2AB5FEEF98A1}
	EndGlobalSection
EndGlobal
